// !$*UTF8*$!
{
	archiveVersion = 1;
	classes = {
	};
	objectVersion = 55;
	objects = {

/* Begin PBXBuildFile section */
		A529C2B428FEF60500E2FD55 /* AppDelegate.swift in Sources */ = {isa = PBXBuildFile; fileRef = A529C2B328FEF60500E2FD55 /* AppDelegate.swift */; };
		A529C2BD28FEF60600E2FD55 /* Assets.xcassets in Resources */ = {isa = PBXBuildFile; fileRef = A529C2BC28FEF60600E2FD55 /* Assets.xcassets */; };
		A529C2C028FEF60600E2FD55 /* LaunchScreen.storyboard in Resources */ = {isa = PBXBuildFile; fileRef = A529C2BE28FEF60600E2FD55 /* LaunchScreen.storyboard */; };
		A529C30628FEFFA000E2FD55 /* BaseWireframe.swift in Sources */ = {isa = PBXBuildFile; fileRef = A529C30228FEFFA000E2FD55 /* BaseWireframe.swift */; };
		A529C30728FEFFA000E2FD55 /* ViewInterface.swift in Sources */ = {isa = PBXBuildFile; fileRef = A529C30328FEFFA000E2FD55 /* ViewInterface.swift */; };
		A529C30828FEFFA000E2FD55 /* InteractorInterface.swift in Sources */ = {isa = PBXBuildFile; fileRef = A529C30428FEFFA000E2FD55 /* InteractorInterface.swift */; };
		A529C30928FEFFA000E2FD55 /* PresenterInterface.swift in Sources */ = {isa = PBXBuildFile; fileRef = A529C30528FEFFA000E2FD55 /* PresenterInterface.swift */; };
		A5D62986292591B800FF8C96 /* SnapKit in Frameworks */ = {isa = PBXBuildFile; productRef = A5D62985292591B800FF8C96 /* SnapKit */; };
		A5D6298B2925924600FF8C96 /* Reusable in Frameworks */ = {isa = PBXBuildFile; productRef = A5D6298A2925924600FF8C96 /* Reusable */; };
		A5D6298E2925979800FF8C96 /* MessageKit in Frameworks */ = {isa = PBXBuildFile; productRef = A5D6298D2925979800FF8C96 /* MessageKit */; };
		A5D6299629259BE600FF8C96 /* Message.swift in Sources */ = {isa = PBXBuildFile; fileRef = A5D6299529259BE500FF8C96 /* Message.swift */; };
		A5D629A129259C6800FF8C96 /* User.swift in Sources */ = {isa = PBXBuildFile; fileRef = A5D629A029259C6800FF8C96 /* User.swift */; };
		A5D629A329259C9B00FF8C96 /* SampleData.swift in Sources */ = {isa = PBXBuildFile; fileRef = A5D629A229259C9A00FF8C96 /* SampleData.swift */; };
		A5D629B52926524B00FF8C96 /* ChatScreenInterfaces.swift in Sources */ = {isa = PBXBuildFile; fileRef = A5D629B12926524B00FF8C96 /* ChatScreenInterfaces.swift */; };
		A5D629B62926524B00FF8C96 /* ChatScreenPresenter.swift in Sources */ = {isa = PBXBuildFile; fileRef = A5D629B22926524B00FF8C96 /* ChatScreenPresenter.swift */; };
		A5D629B72926524B00FF8C96 /* ChatScreenViewController.swift in Sources */ = {isa = PBXBuildFile; fileRef = A5D629B32926524B00FF8C96 /* ChatScreenViewController.swift */; };
		A5D629B82926524B00FF8C96 /* ChatScreenWireframe.swift in Sources */ = {isa = PBXBuildFile; fileRef = A5D629B42926524B00FF8C96 /* ChatScreenWireframe.swift */; };
/* End PBXBuildFile section */

/* Begin PBXFileReference section */
		A529C2B028FEF60500E2FD55 /* Task3.app */ = {isa = PBXFileReference; explicitFileType = wrapper.application; includeInIndex = 0; path = Task3.app; sourceTree = BUILT_PRODUCTS_DIR; };
		A529C2B328FEF60500E2FD55 /* AppDelegate.swift */ = {isa = PBXFileReference; lastKnownFileType = sourcecode.swift; path = AppDelegate.swift; sourceTree = "<group>"; };
		A529C2BC28FEF60600E2FD55 /* Assets.xcassets */ = {isa = PBXFileReference; lastKnownFileType = folder.assetcatalog; path = Assets.xcassets; sourceTree = "<group>"; };
		A529C2BF28FEF60600E2FD55 /* Base */ = {isa = PBXFileReference; lastKnownFileType = file.storyboard; name = Base; path = Base.lproj/LaunchScreen.storyboard; sourceTree = "<group>"; };
		A529C2C128FEF60600E2FD55 /* Info.plist */ = {isa = PBXFileReference; lastKnownFileType = text.plist.xml; path = Info.plist; sourceTree = "<group>"; };
		A529C30228FEFFA000E2FD55 /* BaseWireframe.swift */ = {isa = PBXFileReference; fileEncoding = 4; lastKnownFileType = sourcecode.swift; path = BaseWireframe.swift; sourceTree = "<group>"; };
		A529C30328FEFFA000E2FD55 /* ViewInterface.swift */ = {isa = PBXFileReference; fileEncoding = 4; lastKnownFileType = sourcecode.swift; path = ViewInterface.swift; sourceTree = "<group>"; };
		A529C30428FEFFA000E2FD55 /* InteractorInterface.swift */ = {isa = PBXFileReference; fileEncoding = 4; lastKnownFileType = sourcecode.swift; path = InteractorInterface.swift; sourceTree = "<group>"; };
		A529C30528FEFFA000E2FD55 /* PresenterInterface.swift */ = {isa = PBXFileReference; fileEncoding = 4; lastKnownFileType = sourcecode.swift; path = PresenterInterface.swift; sourceTree = "<group>"; };
		A5D6299529259BE500FF8C96 /* Message.swift */ = {isa = PBXFileReference; fileEncoding = 4; lastKnownFileType = sourcecode.swift; path = Message.swift; sourceTree = "<group>"; };
		A5D629A029259C6800FF8C96 /* User.swift */ = {isa = PBXFileReference; fileEncoding = 4; lastKnownFileType = sourcecode.swift; path = User.swift; sourceTree = "<group>"; };
		A5D629A229259C9A00FF8C96 /* SampleData.swift */ = {isa = PBXFileReference; fileEncoding = 4; lastKnownFileType = sourcecode.swift; path = SampleData.swift; sourceTree = "<group>"; };
		A5D629B12926524B00FF8C96 /* ChatScreenInterfaces.swift */ = {isa = PBXFileReference; lastKnownFileType = sourcecode.swift; path = ChatScreenInterfaces.swift; sourceTree = "<group>"; };
		A5D629B22926524B00FF8C96 /* ChatScreenPresenter.swift */ = {isa = PBXFileReference; lastKnownFileType = sourcecode.swift; path = ChatScreenPresenter.swift; sourceTree = "<group>"; };
		A5D629B32926524B00FF8C96 /* ChatScreenViewController.swift */ = {isa = PBXFileReference; lastKnownFileType = sourcecode.swift; path = ChatScreenViewController.swift; sourceTree = "<group>"; };
		A5D629B42926524B00FF8C96 /* ChatScreenWireframe.swift */ = {isa = PBXFileReference; lastKnownFileType = sourcecode.swift; path = ChatScreenWireframe.swift; sourceTree = "<group>"; };
/* End PBXFileReference section */

/* Begin PBXFrameworksBuildPhase section */
		A529C2AD28FEF60500E2FD55 /* Frameworks */ = {
			isa = PBXFrameworksBuildPhase;
			buildActionMask = 2147483647;
			files = (
				A5D6298E2925979800FF8C96 /* MessageKit in Frameworks */,
				A5D62986292591B800FF8C96 /* SnapKit in Frameworks */,
				A5D6298B2925924600FF8C96 /* Reusable in Frameworks */,
			);
			runOnlyForDeploymentPostprocessing = 0;
		};
/* End PBXFrameworksBuildPhase section */

/* Begin PBXGroup section */
		A529C2A728FEF60500E2FD55 = {
			isa = PBXGroup;
			children = (
				A529C2B228FEF60500E2FD55 /* Task3 */,
				A529C2B128FEF60500E2FD55 /* Products */,
			);
			sourceTree = "<group>";
		};
		A529C2B128FEF60500E2FD55 /* Products */ = {
			isa = PBXGroup;
			children = (
				A529C2B028FEF60500E2FD55 /* Task3.app */,
			);
			name = Products;
			sourceTree = "<group>";
		};
		A529C2B228FEF60500E2FD55 /* Task3 */ = {
			isa = PBXGroup;
			children = (
				A529C2C828FEF96200E2FD55 /* Application */,
				A529C2C928FEF96A00E2FD55 /* Scenes */,
				A529C2CA28FEF96F00E2FD55 /* Resources */,
			);
			path = Task3;
			sourceTree = "<group>";
		};
		A529C2C828FEF96200E2FD55 /* Application */ = {
			isa = PBXGroup;
			children = (
				A529C30128FEFF7800E2FD55 /* ViperBase */,
				A529C2B328FEF60500E2FD55 /* AppDelegate.swift */,
				A529C2BE28FEF60600E2FD55 /* LaunchScreen.storyboard */,
				A529C2C128FEF60600E2FD55 /* Info.plist */,
			);
			path = Application;
			sourceTree = "<group>";
		};
		A529C2C928FEF96A00E2FD55 /* Scenes */ = {
			isa = PBXGroup;
			children = (
				A5D629AF2926517D00FF8C96 /* ConnectScreen */,
				A5D629B0292651B400FF8C96 /* ChatScreen */,
				A5D6299529259BE500FF8C96 /* Message.swift */,
				A5D629A029259C6800FF8C96 /* User.swift */,
				A5D629A229259C9A00FF8C96 /* SampleData.swift */,
			);
			path = Scenes;
			sourceTree = "<group>";
		};
		A529C2CA28FEF96F00E2FD55 /* Resources */ = {
			isa = PBXGroup;
			children = (
				A529C2BC28FEF60600E2FD55 /* Assets.xcassets */,
			);
			path = Resources;
			sourceTree = "<group>";
		};
		A529C30128FEFF7800E2FD55 /* ViperBase */ = {
			isa = PBXGroup;
			children = (
				A529C30228FEFFA000E2FD55 /* BaseWireframe.swift */,
				A529C30428FEFFA000E2FD55 /* InteractorInterface.swift */,
				A529C30528FEFFA000E2FD55 /* PresenterInterface.swift */,
				A529C30328FEFFA000E2FD55 /* ViewInterface.swift */,
			);
			path = ViperBase;
			sourceTree = "<group>";
		};
		A5D629AF2926517D00FF8C96 /* ConnectScreen */ = {
			isa = PBXGroup;
			children = (
			);
			path = ConnectScreen;
			sourceTree = "<group>";
		};
		A5D629B0292651B400FF8C96 /* ChatScreen */ = {
			isa = PBXGroup;
			children = (
				A5D629B12926524B00FF8C96 /* ChatScreenInterfaces.swift */,
				A5D629B22926524B00FF8C96 /* ChatScreenPresenter.swift */,
				A5D629B32926524B00FF8C96 /* ChatScreenViewController.swift */,
				A5D629B42926524B00FF8C96 /* ChatScreenWireframe.swift */,
			);
			path = ChatScreen;
			sourceTree = "<group>";
		};
/* End PBXGroup section */

/* Begin PBXNativeTarget section */
		A529C2AF28FEF60500E2FD55 /* Task3 */ = {
			isa = PBXNativeTarget;
			buildConfigurationList = A529C2C428FEF60600E2FD55 /* Build configuration list for PBXNativeTarget "Task3" */;
			buildPhases = (
				A529C2AC28FEF60500E2FD55 /* Sources */,
				A529C2AD28FEF60500E2FD55 /* Frameworks */,
				A529C2AE28FEF60500E2FD55 /* Resources */,
			);
			buildRules = (
			);
			dependencies = (
			);
			name = Task3;
			packageProductDependencies = (
				A5D62985292591B800FF8C96 /* SnapKit */,
				A5D6298A2925924600FF8C96 /* Reusable */,
				A5D6298D2925979800FF8C96 /* MessageKit */,
			);
			productName = AvitoInternship2022;
			productReference = A529C2B028FEF60500E2FD55 /* Task3.app */;
			productType = "com.apple.product-type.application";
		};
/* End PBXNativeTarget section */

/* Begin PBXProject section */
		A529C2A828FEF60500E2FD55 /* Project object */ = {
			isa = PBXProject;
			attributes = {
				BuildIndependentTargetsInParallel = 1;
				LastSwiftUpdateCheck = 1400;
				LastUpgradeCheck = 1400;
				TargetAttributes = {
					A529C2AF28FEF60500E2FD55 = {
						CreatedOnToolsVersion = 14.0;
					};
				};
			};
			buildConfigurationList = A529C2AB28FEF60500E2FD55 /* Build configuration list for PBXProject "Task3" */;
			compatibilityVersion = "Xcode 13.0";
			developmentRegion = en;
			hasScannedForEncodings = 0;
			knownRegions = (
				en,
				Base,
			);
			mainGroup = A529C2A728FEF60500E2FD55;
			packageReferences = (
				A5D62984292591B800FF8C96 /* XCRemoteSwiftPackageReference "SnapKit" */,
				A5D629892925924600FF8C96 /* XCRemoteSwiftPackageReference "Reusable" */,
				A5D6298C2925979800FF8C96 /* XCRemoteSwiftPackageReference "MessageKit" */,
			);
			productRefGroup = A529C2B128FEF60500E2FD55 /* Products */;
			projectDirPath = "";
			projectRoot = "";
			targets = (
				A529C2AF28FEF60500E2FD55 /* Task3 */,
			);
		};
/* End PBXProject section */

/* Begin PBXResourcesBuildPhase section */
		A529C2AE28FEF60500E2FD55 /* Resources */ = {
			isa = PBXResourcesBuildPhase;
			buildActionMask = 2147483647;
			files = (
				A529C2C028FEF60600E2FD55 /* LaunchScreen.storyboard in Resources */,
				A529C2BD28FEF60600E2FD55 /* Assets.xcassets in Resources */,
			);
			runOnlyForDeploymentPostprocessing = 0;
		};
/* End PBXResourcesBuildPhase section */

/* Begin PBXSourcesBuildPhase section */
		A529C2AC28FEF60500E2FD55 /* Sources */ = {
			isa = PBXSourcesBuildPhase;
			buildActionMask = 2147483647;
			files = (
				A5D629A129259C6800FF8C96 /* User.swift in Sources */,
				A529C30628FEFFA000E2FD55 /* BaseWireframe.swift in Sources */,
				A529C30828FEFFA000E2FD55 /* InteractorInterface.swift in Sources */,
				A529C30928FEFFA000E2FD55 /* PresenterInterface.swift in Sources */,
				A5D6299629259BE600FF8C96 /* Message.swift in Sources */,
				A5D629B82926524B00FF8C96 /* ChatScreenWireframe.swift in Sources */,
				A5D629B72926524B00FF8C96 /* ChatScreenViewController.swift in Sources */,
				A529C2B428FEF60500E2FD55 /* AppDelegate.swift in Sources */,
				A5D629A329259C9B00FF8C96 /* SampleData.swift in Sources */,
				A5D629B62926524B00FF8C96 /* ChatScreenPresenter.swift in Sources */,
				A529C30728FEFFA000E2FD55 /* ViewInterface.swift in Sources */,
				A5D629B52926524B00FF8C96 /* ChatScreenInterfaces.swift in Sources */,
			);
			runOnlyForDeploymentPostprocessing = 0;
		};
/* End PBXSourcesBuildPhase section */

/* Begin PBXVariantGroup section */
		A529C2BE28FEF60600E2FD55 /* LaunchScreen.storyboard */ = {
			isa = PBXVariantGroup;
			children = (
				A529C2BF28FEF60600E2FD55 /* Base */,
			);
			name = LaunchScreen.storyboard;
			sourceTree = "<group>";
		};
/* End PBXVariantGroup section */

/* Begin XCBuildConfiguration section */
		A529C2C228FEF60600E2FD55 /* Debug */ = {
			isa = XCBuildConfiguration;
			buildSettings = {
				ALWAYS_SEARCH_USER_PATHS = NO;
				CLANG_ANALYZER_NONNULL = YES;
				CLANG_ANALYZER_NUMBER_OBJECT_CONVERSION = YES_AGGRESSIVE;
				CLANG_CXX_LANGUAGE_STANDARD = "gnu++20";
				CLANG_ENABLE_MODULES = YES;
				CLANG_ENABLE_OBJC_ARC = YES;
				CLANG_ENABLE_OBJC_WEAK = YES;
				CLANG_WARN_BLOCK_CAPTURE_AUTORELEASING = YES;
				CLANG_WARN_BOOL_CONVERSION = YES;
				CLANG_WARN_COMMA = YES;
				CLANG_WARN_CONSTANT_CONVERSION = YES;
				CLANG_WARN_DEPRECATED_OBJC_IMPLEMENTATIONS = YES;
				CLANG_WARN_DIRECT_OBJC_ISA_USAGE = YES_ERROR;
				CLANG_WARN_DOCUMENTATION_COMMENTS = YES;
				CLANG_WARN_EMPTY_BODY = YES;
				CLANG_WARN_ENUM_CONVERSION = YES;
				CLANG_WARN_INFINITE_RECURSION = YES;
				CLANG_WARN_INT_CONVERSION = YES;
				CLANG_WARN_NON_LITERAL_NULL_CONVERSION = YES;
				CLANG_WARN_OBJC_IMPLICIT_RETAIN_SELF = YES;
				CLANG_WARN_OBJC_LITERAL_CONVERSION = YES;
				CLANG_WARN_OBJC_ROOT_CLASS = YES_ERROR;
				CLANG_WARN_QUOTED_INCLUDE_IN_FRAMEWORK_HEADER = YES;
				CLANG_WARN_RANGE_LOOP_ANALYSIS = YES;
				CLANG_WARN_STRICT_PROTOTYPES = YES;
				CLANG_WARN_SUSPICIOUS_MOVE = YES;
				CLANG_WARN_UNGUARDED_AVAILABILITY = YES_AGGRESSIVE;
				CLANG_WARN_UNREACHABLE_CODE = YES;
				CLANG_WARN__DUPLICATE_METHOD_MATCH = YES;
				COPY_PHASE_STRIP = NO;
				DEBUG_INFORMATION_FORMAT = dwarf;
				ENABLE_STRICT_OBJC_MSGSEND = YES;
				ENABLE_TESTABILITY = YES;
				GCC_C_LANGUAGE_STANDARD = gnu11;
				GCC_DYNAMIC_NO_PIC = NO;
				GCC_NO_COMMON_BLOCKS = YES;
				GCC_OPTIMIZATION_LEVEL = 0;
				GCC_PREPROCESSOR_DEFINITIONS = (
					"DEBUG=1",
					"$(inherited)",
				);
				GCC_WARN_64_TO_32_BIT_CONVERSION = YES;
				GCC_WARN_ABOUT_RETURN_TYPE = YES_ERROR;
				GCC_WARN_UNDECLARED_SELECTOR = YES;
				GCC_WARN_UNINITIALIZED_AUTOS = YES_AGGRESSIVE;
				GCC_WARN_UNUSED_FUNCTION = YES;
				GCC_WARN_UNUSED_VARIABLE = YES;
				IPHONEOS_DEPLOYMENT_TARGET = 13.0;
				MTL_ENABLE_DEBUG_INFO = INCLUDE_SOURCE;
				MTL_FAST_MATH = YES;
				ONLY_ACTIVE_ARCH = YES;
				SDKROOT = iphoneos;
				SWIFT_ACTIVE_COMPILATION_CONDITIONS = DEBUG;
				SWIFT_OPTIMIZATION_LEVEL = "-Onone";
			};
			name = Debug;
		};
		A529C2C328FEF60600E2FD55 /* Release */ = {
			isa = XCBuildConfiguration;
			buildSettings = {
				ALWAYS_SEARCH_USER_PATHS = NO;
				CLANG_ANALYZER_NONNULL = YES;
				CLANG_ANALYZER_NUMBER_OBJECT_CONVERSION = YES_AGGRESSIVE;
				CLANG_CXX_LANGUAGE_STANDARD = "gnu++20";
				CLANG_ENABLE_MODULES = YES;
				CLANG_ENABLE_OBJC_ARC = YES;
				CLANG_ENABLE_OBJC_WEAK = YES;
				CLANG_WARN_BLOCK_CAPTURE_AUTORELEASING = YES;
				CLANG_WARN_BOOL_CONVERSION = YES;
				CLANG_WARN_COMMA = YES;
				CLANG_WARN_CONSTANT_CONVERSION = YES;
				CLANG_WARN_DEPRECATED_OBJC_IMPLEMENTATIONS = YES;
				CLANG_WARN_DIRECT_OBJC_ISA_USAGE = YES_ERROR;
				CLANG_WARN_DOCUMENTATION_COMMENTS = YES;
				CLANG_WARN_EMPTY_BODY = YES;
				CLANG_WARN_ENUM_CONVERSION = YES;
				CLANG_WARN_INFINITE_RECURSION = YES;
				CLANG_WARN_INT_CONVERSION = YES;
				CLANG_WARN_NON_LITERAL_NULL_CONVERSION = YES;
				CLANG_WARN_OBJC_IMPLICIT_RETAIN_SELF = YES;
				CLANG_WARN_OBJC_LITERAL_CONVERSION = YES;
				CLANG_WARN_OBJC_ROOT_CLASS = YES_ERROR;
				CLANG_WARN_QUOTED_INCLUDE_IN_FRAMEWORK_HEADER = YES;
				CLANG_WARN_RANGE_LOOP_ANALYSIS = YES;
				CLANG_WARN_STRICT_PROTOTYPES = YES;
				CLANG_WARN_SUSPICIOUS_MOVE = YES;
				CLANG_WARN_UNGUARDED_AVAILABILITY = YES_AGGRESSIVE;
				CLANG_WARN_UNREACHABLE_CODE = YES;
				CLANG_WARN__DUPLICATE_METHOD_MATCH = YES;
				COPY_PHASE_STRIP = NO;
				DEBUG_INFORMATION_FORMAT = "dwarf-with-dsym";
				ENABLE_NS_ASSERTIONS = NO;
				ENABLE_STRICT_OBJC_MSGSEND = YES;
				GCC_C_LANGUAGE_STANDARD = gnu11;
				GCC_NO_COMMON_BLOCKS = YES;
				GCC_WARN_64_TO_32_BIT_CONVERSION = YES;
				GCC_WARN_ABOUT_RETURN_TYPE = YES_ERROR;
				GCC_WARN_UNDECLARED_SELECTOR = YES;
				GCC_WARN_UNINITIALIZED_AUTOS = YES_AGGRESSIVE;
				GCC_WARN_UNUSED_FUNCTION = YES;
				GCC_WARN_UNUSED_VARIABLE = YES;
				IPHONEOS_DEPLOYMENT_TARGET = 13.0;
				MTL_ENABLE_DEBUG_INFO = NO;
				MTL_FAST_MATH = YES;
				SDKROOT = iphoneos;
				SWIFT_COMPILATION_MODE = wholemodule;
				SWIFT_OPTIMIZATION_LEVEL = "-O";
				VALIDATE_PRODUCT = YES;
			};
			name = Release;
		};
		A529C2C528FEF60600E2FD55 /* Debug */ = {
			isa = XCBuildConfiguration;
			buildSettings = {
				ASSETCATALOG_COMPILER_APPICON_NAME = AppIcon;
				CODE_SIGN_STYLE = Automatic;
				CURRENT_PROJECT_VERSION = 1;
				DEVELOPMENT_TEAM = 4D7YJ8BY8H;
				GENERATE_INFOPLIST_FILE = YES;
				INFOPLIST_FILE = Task3/Application/Info.plist;
				INFOPLIST_KEY_CFBundleDisplayName = Task3;
				INFOPLIST_KEY_UIApplicationSupportsIndirectInputEvents = YES;
				INFOPLIST_KEY_UILaunchStoryboardName = LaunchScreen;
				INFOPLIST_KEY_UISupportedInterfaceOrientations_iPad = "UIInterfaceOrientationPortrait UIInterfaceOrientationPortraitUpsideDown UIInterfaceOrientationLandscapeLeft UIInterfaceOrientationLandscapeRight";
				INFOPLIST_KEY_UISupportedInterfaceOrientations_iPhone = "UIInterfaceOrientationPortrait UIInterfaceOrientationLandscapeLeft UIInterfaceOrientationLandscapeRight";
				LD_RUNPATH_SEARCH_PATHS = (
					"$(inherited)",
					"@executable_path/Frameworks",
				);
				MARKETING_VERSION = 1.0;
				PRODUCT_BUNDLE_IDENTIFIER = com.IgorKlyuzhev.Task3;
				PRODUCT_NAME = "$(TARGET_NAME)";
				SUPPORTED_PLATFORMS = "iphoneos iphonesimulator";
				SUPPORTS_MACCATALYST = NO;
				SUPPORTS_MAC_DESIGNED_FOR_IPHONE_IPAD = NO;
				SWIFT_EMIT_LOC_STRINGS = YES;
				SWIFT_VERSION = 5.0;
				TARGETED_DEVICE_FAMILY = "1,2";
			};
			name = Debug;
		};
		A529C2C628FEF60600E2FD55 /* Release */ = {
			isa = XCBuildConfiguration;
			buildSettings = {
				ASSETCATALOG_COMPILER_APPICON_NAME = AppIcon;
				CODE_SIGN_STYLE = Automatic;
				CURRENT_PROJECT_VERSION = 1;
				DEVELOPMENT_TEAM = 4D7YJ8BY8H;
				GENERATE_INFOPLIST_FILE = YES;
				INFOPLIST_FILE = Task3/Application/Info.plist;
				INFOPLIST_KEY_CFBundleDisplayName = Task3;
				INFOPLIST_KEY_UIApplicationSupportsIndirectInputEvents = YES;
				INFOPLIST_KEY_UILaunchStoryboardName = LaunchScreen;
				INFOPLIST_KEY_UISupportedInterfaceOrientations_iPad = "UIInterfaceOrientationPortrait UIInterfaceOrientationPortraitUpsideDown UIInterfaceOrientationLandscapeLeft UIInterfaceOrientationLandscapeRight";
				INFOPLIST_KEY_UISupportedInterfaceOrientations_iPhone = "UIInterfaceOrientationPortrait UIInterfaceOrientationLandscapeLeft UIInterfaceOrientationLandscapeRight";
				LD_RUNPATH_SEARCH_PATHS = (
					"$(inherited)",
					"@executable_path/Frameworks",
				);
				MARKETING_VERSION = 1.0;
				PRODUCT_BUNDLE_IDENTIFIER = com.IgorKlyuzhev.Task3;
				PRODUCT_NAME = "$(TARGET_NAME)";
				SUPPORTED_PLATFORMS = "iphoneos iphonesimulator";
				SUPPORTS_MACCATALYST = NO;
				SUPPORTS_MAC_DESIGNED_FOR_IPHONE_IPAD = NO;
				SWIFT_EMIT_LOC_STRINGS = YES;
				SWIFT_VERSION = 5.0;
				TARGETED_DEVICE_FAMILY = "1,2";
			};
			name = Release;
		};
/* End XCBuildConfiguration section */

/* Begin XCConfigurationList section */
		A529C2AB28FEF60500E2FD55 /* Build configuration list for PBXProject "Task3" */ = {
			isa = XCConfigurationList;
			buildConfigurations = (
				A529C2C228FEF60600E2FD55 /* Debug */,
				A529C2C328FEF60600E2FD55 /* Release */,
			);
			defaultConfigurationIsVisible = 0;
			defaultConfigurationName = Release;
		};
		A529C2C428FEF60600E2FD55 /* Build configuration list for PBXNativeTarget "Task3" */ = {
			isa = XCConfigurationList;
			buildConfigurations = (
				A529C2C528FEF60600E2FD55 /* Debug */,
				A529C2C628FEF60600E2FD55 /* Release */,
			);
			defaultConfigurationIsVisible = 0;
			defaultConfigurationName = Release;
		};
/* End XCConfigurationList section */

/* Begin XCRemoteSwiftPackageReference section */
		A5D62984292591B800FF8C96 /* XCRemoteSwiftPackageReference "SnapKit" */ = {
			isa = XCRemoteSwiftPackageReference;
			repositoryURL = "https://github.com/SnapKit/SnapKit";
			requirement = {
				kind = upToNextMajorVersion;
				minimumVersion = 5.0.0;
			};
		};
		A5D629892925924600FF8C96 /* XCRemoteSwiftPackageReference "Reusable" */ = {
			isa = XCRemoteSwiftPackageReference;
			repositoryURL = "https://github.com/AliSoftware/Reusable.git";
			requirement = {
				kind = upToNextMajorVersion;
				minimumVersion = 4.0.0;
			};
		};
		A5D6298C2925979800FF8C96 /* XCRemoteSwiftPackageReference "MessageKit" */ = {
			isa = XCRemoteSwiftPackageReference;
			repositoryURL = "https://github.com/MessageKit/MessageKit";
			requirement = {
				kind = upToNextMajorVersion;
				minimumVersion = 4.0.0;
			};
		};
/* End XCRemoteSwiftPackageReference section */

/* Begin XCSwiftPackageProductDependency section */
		A5D62985292591B800FF8C96 /* SnapKit */ = {
			isa = XCSwiftPackageProductDependency;
			package = A5D62984292591B800FF8C96 /* XCRemoteSwiftPackageReference "SnapKit" */;
			productName = SnapKit;
		};
		A5D6298A2925924600FF8C96 /* Reusable */ = {
			isa = XCSwiftPackageProductDependency;
			package = A5D629892925924600FF8C96 /* XCRemoteSwiftPackageReference "Reusable" */;
			productName = Reusable;
		};
		A5D6298D2925979800FF8C96 /* MessageKit */ = {
			isa = XCSwiftPackageProductDependency;
			package = A5D6298C2925979800FF8C96 /* XCRemoteSwiftPackageReference "MessageKit" */;
			productName = MessageKit;
		};
/* End XCSwiftPackageProductDependency section */
	};
	rootObject = A529C2A828FEF60500E2FD55 /* Project object */;
}
